
Microsoft Visual Studio Solution File, Format Version 12.00
# Visual Studio 2013
VisualStudioVersion = 12.0.40629.0
MinimumVisualStudioVersion = 10.0.40219.1
Project("{FAE04EC0-301F-11D3-BF4B-00C04F79EFBC}") = "Model", "Model\Model.csproj", "{2398E54D-7675-4FE4-A135-F608FCFF210A}"
EndProject
Project("{FAE04EC0-301F-11D3-BF4B-00C04F79EFBC}") = "WFA", "WFA\WFA.csproj", "{F9C160E4-CF4C-48B0-885A-1D6AC58376F5}"
EndProject
Global
	GlobalSection(SolutionConfigurationPlatforms) = preSolution
		Debug|Any CPU = Debug|Any CPU
		Release|Any CPU = Release|Any CPU
	EndGlobalSection
	GlobalSection(ProjectConfigurationPlatforms) = postSolution
		{2398E54D-7675-4FE4-A135-F608FCFF210A}.Debug|Any CPU.ActiveCfg = Debug|Any CPU
		{2398E54D-7675-4FE4-A135-F608FCFF210A}.Debug|Any CPU.Build.0 = Debug|Any CPU
		{2398E54D-7675-4FE4-A135-F608FCFF210A}.Release|Any CPU.ActiveCfg = Release|Any CPU
		{2398E54D-7675-4FE4-A135-F608FCFF210A}.Release|Any CPU.Build.0 = Release|Any CPU
		{F9C160E4-CF4C-48B0-885A-1D6AC58376F5}.Debug|Any CPU.ActiveCfg = Debug|Any CPU
		{F9C160E4-CF4C-48B0-885A-1D6AC58376F5}.Debug|Any CPU.Build.0 = Debug|Any CPU
		{F9C160E4-CF4C-48B0-885A-1D6AC58376F5}.Release|Any CPU.ActiveCfg = Release|Any CPU
		{F9C160E4-CF4C-48B0-885A-1D6AC58376F5}.Release|Any CPU.Build.0 = Release|Any CPU
	EndGlobalSection
	GlobalSection(SolutionProperties) = preSolution
		HideSolutionNode = FALSE
	EndGlobalSection
EndGlobal
